
Microsoft Visual Studio Solution File, Format Version 12.00
# Visual Studio Version 17
VisualStudioVersion = 17.4.33213.308
MinimumVisualStudioVersion = 10.0.40219.1
Project("{FAE04EC0-301F-11D3-BF4B-00C04F79EFBC}") = "ResourcesTeste", "ResourcesTeste\ResourcesTeste.csproj", "{9E911313-E514-4A58-82C2-43A7973BB98D}"
EndProject
Global
	GlobalSection(SolutionConfigurationPlatforms) = preSolution
		Debug|Any CPU = Debug|Any CPU
		Release|Any CPU = Release|Any CPU
	EndGlobalSection
	GlobalSection(ProjectConfigurationPlatforms) = postSolution
		{9E911313-E514-4A58-82C2-43A7973BB98D}.Debug|Any CPU.ActiveCfg = Debug|Any CPU
		{9E911313-E514-4A58-82C2-43A7973BB98D}.Debug|Any CPU.Build.0 = Debug|Any CPU
		{9E911313-E514-4A58-82C2-43A7973BB98D}.Release|Any CPU.ActiveCfg = Release|Any CPU
		{9E911313-E514-4A58-82C2-43A7973BB98D}.Release|Any CPU.Build.0 = Release|Any CPU
	EndGlobalSection
	GlobalSection(SolutionProperties) = preSolution
		HideSolutionNode = FALSE
	EndGlobalSection
	GlobalSection(ExtensibilityGlobals) = postSolution
		SolutionGuid = {D52617CB-E411-423C-8B08-A860DEDAA4EB}
	EndGlobalSection
EndGlobal
